
Microsoft Visual Studio Solution File, Format Version 12.00
# Visual Studio Version 17
VisualStudioVersion = 17.2.32616.157
MinimumVisualStudioVersion = 10.0.40219.1
Project("{888888A0-9F3D-457C-B088-3A5042F75D52}") = "Chess Game", "Chess Game\Chess Game.pyproj", "{7E798DF1-1EB3-4479-A4C3-D2DFDA17627E}"
EndProject
Global
	GlobalSection(SolutionConfigurationPlatforms) = preSolution
		Debug|Any CPU = Debug|Any CPU
		Release|Any CPU = Release|Any CPU
	EndGlobalSection
	GlobalSection(ProjectConfigurationPlatforms) = postSolution
		{7E798DF1-1EB3-4479-A4C3-D2DFDA17627E}.Debug|Any CPU.ActiveCfg = Debug|Any CPU
		{7E798DF1-1EB3-4479-A4C3-D2DFDA17627E}.Release|Any CPU.ActiveCfg = Release|Any CPU
	EndGlobalSection
	GlobalSection(SolutionProperties) = preSolution
		HideSolutionNode = FALSE
	EndGlobalSection
	GlobalSection(ExtensibilityGlobals) = postSolution
		SolutionGuid = {93A19F41-FA0D-481F-993E-DA6418C4FBD0}
	EndGlobalSection
EndGlobal
